
Microsoft Visual Studio Solution File, Format Version 12.00
Project("{FAE04EC0-301F-11D3-BF4B-00C04F79EFBC}") = "Aria.Agent", "Aria.Agent\Aria.Agent.csproj", "{8CE0704A-88E6-4F76-9379-E173F010C59C}"
EndProject
Project("{FAE04EC0-301F-11D3-BF4B-00C04F79EFBC}") = "Aria.Tools", "Aria.Tools\Aria.Tools.csproj", "{59CE59FE-9520-4F37-9678-5324D45D2588}"
EndProject
Project("{FAE04EC0-301F-11D3-BF4B-00C04F79EFBC}") = "Aria.Web", "Aria.Web\Aria.Web.csproj", "{EBA622F4-1EB0-4DD3-A1B5-3A9005ED0129}"
EndProject
Project("{FAE04EC0-301F-11D3-BF4B-00C04F79EFBC}") = "Aria.Console", "Aria.Console\Aria.Console.csproj", "{D5E8F9A2-3B4C-4D5E-8F9A-2B3C4D5E8F9A}"
EndProject
Project("{FAE04EC0-301F-11D3-BF4B-00C04F79EFBC}") = "Aria.Shared", "Aria.Shared\Aria.Shared.csproj", "{EB392CBB-2613-4DCA-8943-E15E0AC84AE4}"
EndProject
Project("{FAE04EC0-301F-11D3-BF4B-00C04F79EFBC}") = "Aria.Bridge", "Aria.Bridge\Aria.Bridge.csproj", "{C3F8A124-5E9B-4C7D-A0F3-6D2E4B8C1F5A}"
EndProject
Project("{FAE04EC0-301F-11D3-BF4B-00C04F79EFBC}") = "Aria.Harness", "Aria.Harness\Aria.Harness.csproj", "{ED33CFFF-54EB-4A09-8929-773D6D9B8873}"
EndProject
Project("{FAE04EC0-301F-11D3-BF4B-00C04F79EFBC}") = "Aria.Tests", "Aria.Tests\Aria.Tests.csproj", "{CBA225A7-D619-4115-91EC-FDD50BE6DE82}"
EndProject
Global
	GlobalSection(SolutionConfigurationPlatforms) = preSolution
		Debug|Any CPU = Debug|Any CPU
		Debug|x64 = Debug|x64
		Debug|x86 = Debug|x86
		Release|Any CPU = Release|Any CPU
		Release|x64 = Release|x64
		Release|x86 = Release|x86
	EndGlobalSection
	GlobalSection(ProjectConfigurationPlatforms) = postSolution
		{8CE0704A-88E6-4F76-9379-E173F010C59C}.Debug|Any CPU.ActiveCfg = Debug|Any CPU
		{8CE0704A-88E6-4F76-9379-E173F010C59C}.Debug|Any CPU.Build.0 = Debug|Any CPU
		{8CE0704A-88E6-4F76-9379-E173F010C59C}.Debug|x64.ActiveCfg = Debug|Any CPU
		{8CE0704A-88E6-4F76-9379-E173F010C59C}.Debug|x64.Build.0 = Debug|Any CPU
		{8CE0704A-88E6-4F76-9379-E173F010C59C}.Debug|x86.ActiveCfg = Debug|Any CPU
		{8CE0704A-88E6-4F76-9379-E173F010C59C}.Debug|x86.Build.0 = Debug|Any CPU
		{8CE0704A-88E6-4F76-9379-E173F010C59C}.Release|Any CPU.ActiveCfg = Release|Any CPU
		{8CE0704A-88E6-4F76-9379-E173F010C59C}.Release|Any CPU.Build.0 = Release|Any CPU
		{8CE0704A-88E6-4F76-9379-E173F010C59C}.Release|x64.ActiveCfg = Release|Any CPU
		{8CE0704A-88E6-4F76-9379-E173F010C59C}.Release|x64.Build.0 = Release|Any CPU
		{8CE0704A-88E6-4F76-9379-E173F010C59C}.Release|x86.ActiveCfg = Release|Any CPU
		{8CE0704A-88E6-4F76-9379-E173F010C59C}.Release|x86.Build.0 = Release|Any CPU
		{59CE59FE-9520-4F37-9678-5324D45D2588}.Debug|Any CPU.ActiveCfg = Debug|Any CPU
		{59CE59FE-9520-4F37-9678-5324D45D2588}.Debug|Any CPU.Build.0 = Debug|Any CPU
		{59CE59FE-9520-4F37-9678-5324D45D2588}.Debug|x64.ActiveCfg = Debug|Any CPU
		{59CE59FE-9520-4F37-9678-5324D45D2588}.Debug|x64.Build.0 = Debug|Any CPU
		{59CE59FE-9520-4F37-9678-5324D45D2588}.Debug|x86.ActiveCfg = Debug|Any CPU
		{59CE59FE-9520-4F37-9678-5324D45D2588}.Debug|x86.Build.0 = Debug|Any CPU
		{59CE59FE-9520-4F37-9678-5324D45D2588}.Release|Any CPU.ActiveCfg = Release|Any CPU
		{59CE59FE-9520-4F37-9678-5324D45D2588}.Release|Any CPU.Build.0 = Release|Any CPU
		{59CE59FE-9520-4F37-9678-5324D45D2588}.Release|x64.ActiveCfg = Release|Any CPU
		{59CE59FE-9520-4F37-9678-5324D45D2588}.Release|x64.Build.0 = Release|Any CPU
		{59CE59FE-9520-4F37-9678-5324D45D2588}.Release|x86.ActiveCfg = Release|Any CPU
		{59CE59FE-9520-4F37-9678-5324D45D2588}.Release|x86.Build.0 = Release|Any CPU
		{EBA622F4-1EB0-4DD3-A1B5-3A9005ED0129}.Debug|Any CPU.ActiveCfg = Debug|Any CPU
		{EBA622F4-1EB0-4DD3-A1B5-3A9005ED0129}.Debug|Any CPU.Build.0 = Debug|Any CPU
		{EBA622F4-1EB0-4DD3-A1B5-3A9005ED0129}.Debug|x64.ActiveCfg = Debug|Any CPU
		{EBA622F4-1EB0-4DD3-A1B5-3A9005ED0129}.Debug|x64.Build.0 = Debug|Any CPU
		{EBA622F4-1EB0-4DD3-A1B5-3A9005ED0129}.Debug|x86.ActiveCfg = Debug|Any CPU
		{EBA622F4-1EB0-4DD3-A1B5-3A9005ED0129}.Debug|x86.Build.0 = Debug|Any CPU
		{EBA622F4-1EB0-4DD3-A1B5-3A9005ED0129}.Release|Any CPU.ActiveCfg = Release|Any CPU
		{EBA622F4-1EB0-4DD3-A1B5-3A9005ED0129}.Release|Any CPU.Build.0 = Release|Any CPU
		{EBA622F4-1EB0-4DD3-A1B5-3A9005ED0129}.Release|x64.ActiveCfg = Release|Any CPU
		{EBA622F4-1EB0-4DD3-A1B5-3A9005ED0129}.Release|x64.Build.0 = Release|Any CPU
		{EBA622F4-1EB0-4DD3-A1B5-3A9005ED0129}.Release|x86.ActiveCfg = Release|Any CPU
		{EBA622F4-1EB0-4DD3-A1B5-3A9005ED0129}.Release|x86.Build.0 = Release|Any CPU
		{D5E8F9A2-3B4C-4D5E-8F9A-2B3C4D5E8F9A}.Debug|Any CPU.ActiveCfg = Debug|Any CPU
		{D5E8F9A2-3B4C-4D5E-8F9A-2B3C4D5E8F9A}.Debug|Any CPU.Build.0 = Debug|Any CPU
		{D5E8F9A2-3B4C-4D5E-8F9A-2B3C4D5E8F9A}.Debug|x64.ActiveCfg = Debug|Any CPU
		{D5E8F9A2-3B4C-4D5E-8F9A-2B3C4D5E8F9A}.Debug|x64.Build.0 = Debug|Any CPU
		{D5E8F9A2-3B4C-4D5E-8F9A-2B3C4D5E8F9A}.Debug|x86.ActiveCfg = Debug|Any CPU
		{D5E8F9A2-3B4C-4D5E-8F9A-2B3C4D5E8F9A}.Debug|x86.Build.0 = Debug|Any CPU
		{D5E8F9A2-3B4C-4D5E-8F9A-2B3C4D5E8F9A}.Release|Any CPU.ActiveCfg = Release|Any CPU
		{D5E8F9A2-3B4C-4D5E-8F9A-2B3C4D5E8F9A}.Release|Any CPU.Build.0 = Release|Any CPU
		{D5E8F9A2-3B4C-4D5E-8F9A-2B3C4D5E8F9A}.Release|x64.ActiveCfg = Release|Any CPU
		{D5E8F9A2-3B4C-4D5E-8F9A-2B3C4D5E8F9A}.Release|x64.Build.0 = Release|Any CPU
		{D5E8F9A2-3B4C-4D5E-8F9A-2B3C4D5E8F9A}.Release|x86.ActiveCfg = Release|Any CPU
		{D5E8F9A2-3B4C-4D5E-8F9A-2B3C4D5E8F9A}.Release|x86.Build.0 = Release|Any CPU
		{EB392CBB-2613-4DCA-8943-E15E0AC84AE4}.Debug|Any CPU.ActiveCfg = Debug|Any CPU
		{EB392CBB-2613-4DCA-8943-E15E0AC84AE4}.Debug|Any CPU.Build.0 = Debug|Any CPU
		{EB392CBB-2613-4DCA-8943-E15E0AC84AE4}.Debug|x64.ActiveCfg = Debug|Any CPU
		{EB392CBB-2613-4DCA-8943-E15E0AC84AE4}.Debug|x64.Build.0 = Debug|Any CPU
		{EB392CBB-2613-4DCA-8943-E15E0AC84AE4}.Debug|x86.ActiveCfg = Debug|Any CPU
		{EB392CBB-2613-4DCA-8943-E15E0AC84AE4}.Debug|x86.Build.0 = Debug|Any CPU
		{EB392CBB-2613-4DCA-8943-E15E0AC84AE4}.Release|Any CPU.ActiveCfg = Release|Any CPU
		{EB392CBB-2613-4DCA-8943-E15E0AC84AE4}.Release|Any CPU.Build.0 = Release|Any CPU
		{EB392CBB-2613-4DCA-8943-E15E0AC84AE4}.Release|x64.ActiveCfg = Release|Any CPU
		{EB392CBB-2613-4DCA-8943-E15E0AC84AE4}.Release|x64.Build.0 = Release|Any CPU
		{EB392CBB-2613-4DCA-8943-E15E0AC84AE4}.Release|x86.ActiveCfg = Release|Any CPU
		{EB392CBB-2613-4DCA-8943-E15E0AC84AE4}.Release|x86.Build.0 = Release|Any CPU
		{C3F8A124-5E9B-4C7D-A0F3-6D2E4B8C1F5A}.Debug|Any CPU.ActiveCfg = Debug|Any CPU
		{C3F8A124-5E9B-4C7D-A0F3-6D2E4B8C1F5A}.Debug|Any CPU.Build.0 = Debug|Any CPU
		{C3F8A124-5E9B-4C7D-A0F3-6D2E4B8C1F5A}.Debug|x64.ActiveCfg = Debug|Any CPU
		{C3F8A124-5E9B-4C7D-A0F3-6D2E4B8C1F5A}.Debug|x64.Build.0 = Debug|Any CPU
		{C3F8A124-5E9B-4C7D-A0F3-6D2E4B8C1F5A}.Debug|x86.ActiveCfg = Debug|Any CPU
		{C3F8A124-5E9B-4C7D-A0F3-6D2E4B8C1F5A}.Debug|x86.Build.0 = Debug|Any CPU
		{C3F8A124-5E9B-4C7D-A0F3-6D2E4B8C1F5A}.Release|Any CPU.ActiveCfg = Release|Any CPU
		{C3F8A124-5E9B-4C7D-A0F3-6D2E4B8C1F5A}.Release|Any CPU.Build.0 = Release|Any CPU
		{C3F8A124-5E9B-4C7D-A0F3-6D2E4B8C1F5A}.Release|x64.ActiveCfg = Release|Any CPU
		{C3F8A124-5E9B-4C7D-A0F3-6D2E4B8C1F5A}.Release|x64.Build.0 = Release|Any CPU
		{C3F8A124-5E9B-4C7D-A0F3-6D2E4B8C1F5A}.Release|x86.ActiveCfg = Release|Any CPU
		{C3F8A124-5E9B-4C7D-A0F3-6D2E4B8C1F5A}.Release|x86.Build.0 = Release|Any CPU
		{ED33CFFF-54EB-4A09-8929-773D6D9B8873}.Debug|Any CPU.ActiveCfg = Debug|Any CPU
		{ED33CFFF-54EB-4A09-8929-773D6D9B8873}.Debug|Any CPU.Build.0 = Debug|Any CPU
		{ED33CFFF-54EB-4A09-8929-773D6D9B8873}.Debug|x64.ActiveCfg = Debug|Any CPU
		{ED33CFFF-54EB-4A09-8929-773D6D9B8873}.Debug|x64.Build.0 = Debug|Any CPU
		{ED33CFFF-54EB-4A09-8929-773D6D9B8873}.Debug|x86.ActiveCfg = Debug|Any CPU
		{ED33CFFF-54EB-4A09-8929-773D6D9B8873}.Debug|x86.Build.0 = Debug|Any CPU
		{ED33CFFF-54EB-4A09-8929-773D6D9B8873}.Release|Any CPU.ActiveCfg = Release|Any CPU
		{ED33CFFF-54EB-4A09-8929-773D6D9B8873}.Release|Any CPU.Build.0 = Release|Any CPU
		{ED33CFFF-54EB-4A09-8929-773D6D9B8873}.Release|x64.ActiveCfg = Release|Any CPU
		{ED33CFFF-54EB-4A09-8929-773D6D9B8873}.Release|x64.Build.0 = Release|Any CPU
		{ED33CFFF-54EB-4A09-8929-773D6D9B8873}.Release|x86.ActiveCfg = Release|Any CPU
		{ED33CFFF-54EB-4A09-8929-773D6D9B8873}.Release|x86.Build.0 = Release|Any CPU
		{CBA225A7-D619-4115-91EC-FDD50BE6DE82}.Debug|Any CPU.ActiveCfg = Debug|Any CPU
		{CBA225A7-D619-4115-91EC-FDD50BE6DE82}.Debug|Any CPU.Build.0 = Debug|Any CPU
		{CBA225A7-D619-4115-91EC-FDD50BE6DE82}.Debug|x64.ActiveCfg = Debug|Any CPU
		{CBA225A7-D619-4115-91EC-FDD50BE6DE82}.Debug|x64.Build.0 = Debug|Any CPU
		{CBA225A7-D619-4115-91EC-FDD50BE6DE82}.Debug|x86.ActiveCfg = Debug|Any CPU
		{CBA225A7-D619-4115-91EC-FDD50BE6DE82}.Debug|x86.Build.0 = Debug|Any CPU
		{CBA225A7-D619-4115-91EC-FDD50BE6DE82}.Release|Any CPU.ActiveCfg = Release|Any CPU
		{CBA225A7-D619-4115-91EC-FDD50BE6DE82}.Release|Any CPU.Build.0 = Release|Any CPU
		{CBA225A7-D619-4115-91EC-FDD50BE6DE82}.Release|x64.ActiveCfg = Release|Any CPU
		{CBA225A7-D619-4115-91EC-FDD50BE6DE82}.Release|x64.Build.0 = Release|Any CPU
		{CBA225A7-D619-4115-91EC-FDD50BE6DE82}.Release|x86.ActiveCfg = Release|Any CPU
		{CBA225A7-D619-4115-91EC-FDD50BE6DE82}.Release|x86.Build.0 = Release|Any CPU
	EndGlobalSection
	GlobalSection(SolutionProperties) = preSolution
		HideSolutionNode = FALSE
	EndGlobalSection
EndGlobal
